// !$*UTF8*$!
{
	archiveVersion = 1;
	classes = {
	};
	objectVersion = 46;
	objects = {

/* Begin PBXBuildFile section */
		84BABFA6C9B6871E0A3CD7C0 /* Pods_ChooonzTests.framework in Frameworks */ = {isa = PBXBuildFile; fileRef = 286314B0A7400645F61D707E /* Pods_ChooonzTests.framework */; };
		AF9E320CBEB94624FD837DA0 /* Pods_Chooonz.framework in Frameworks */ = {isa = PBXBuildFile; fileRef = 1E9F9F9B12A9E0B9D56B44A7 /* Pods_Chooonz.framework */; };
		E287AD0D1CEA607100D39D24 /* AppDelegate.swift in Sources */ = {isa = PBXBuildFile; fileRef = E287AD0C1CEA607100D39D24 /* AppDelegate.swift */; };
		E287AD121CEA607100D39D24 /* Main.storyboard in Resources */ = {isa = PBXBuildFile; fileRef = E287AD101CEA607100D39D24 /* Main.storyboard */; };
		E287AD151CEA607100D39D24 /* Chooonz.xcdatamodeld in Sources */ = {isa = PBXBuildFile; fileRef = E287AD131CEA607100D39D24 /* Chooonz.xcdatamodeld */; };
		E287AD171CEA607100D39D24 /* Assets.xcassets in Resources */ = {isa = PBXBuildFile; fileRef = E287AD161CEA607100D39D24 /* Assets.xcassets */; };
		E287AD1A1CEA607100D39D24 /* LaunchScreen.storyboard in Resources */ = {isa = PBXBuildFile; fileRef = E287AD181CEA607100D39D24 /* LaunchScreen.storyboard */; };
		E287AD251CEA607100D39D24 /* ChooonzTests.swift in Sources */ = {isa = PBXBuildFile; fileRef = E287AD241CEA607100D39D24 /* ChooonzTests.swift */; };
		E287AD301CEA607100D39D24 /* ChooonzUITests.swift in Sources */ = {isa = PBXBuildFile; fileRef = E287AD2F1CEA607100D39D24 /* ChooonzUITests.swift */; };
		E287AD3E1CEB238300D39D24 /* ChooonzTableViewController.swift in Sources */ = {isa = PBXBuildFile; fileRef = E287AD3D1CEB238300D39D24 /* ChooonzTableViewController.swift */; };
		E287AD401CEB2C5700D39D24 /* SongCell.swift in Sources */ = {isa = PBXBuildFile; fileRef = E287AD3F1CEB2C5700D39D24 /* SongCell.swift */; };
		F9A21083EB5AAC6E7B35B17D /* Pods_ChooonzUITests.framework in Frameworks */ = {isa = PBXBuildFile; fileRef = AE34BAD382A80A721DE703D8 /* Pods_ChooonzUITests.framework */; };
/* End PBXBuildFile section */

/* Begin PBXContainerItemProxy section */
		E287AD211CEA607100D39D24 /* PBXContainerItemProxy */ = {
			isa = PBXContainerItemProxy;
			containerPortal = E287AD011CEA607100D39D24 /* Project object */;
			proxyType = 1;
			remoteGlobalIDString = E287AD081CEA607100D39D24;
			remoteInfo = Chooonz;
		};
		E287AD2C1CEA607100D39D24 /* PBXContainerItemProxy */ = {
			isa = PBXContainerItemProxy;
			containerPortal = E287AD011CEA607100D39D24 /* Project object */;
			proxyType = 1;
			remoteGlobalIDString = E287AD081CEA607100D39D24;
			remoteInfo = Chooonz;
		};
/* End PBXContainerItemProxy section */

/* Begin PBXFileReference section */
		1DDFDBD9C837DDEE8683A1D1 /* Pods-ChooonzTests.debug.xcconfig */ = {isa = PBXFileReference; includeInIndex = 1; lastKnownFileType = text.xcconfig; name = "Pods-ChooonzTests.debug.xcconfig"; path = "Pods/Target Support Files/Pods-ChooonzTests/Pods-ChooonzTests.debug.xcconfig"; sourceTree = "<group>"; };
		1E9F9F9B12A9E0B9D56B44A7 /* Pods_Chooonz.framework */ = {isa = PBXFileReference; explicitFileType = wrapper.framework; includeInIndex = 0; path = Pods_Chooonz.framework; sourceTree = BUILT_PRODUCTS_DIR; };
		286314B0A7400645F61D707E /* Pods_ChooonzTests.framework */ = {isa = PBXFileReference; explicitFileType = wrapper.framework; includeInIndex = 0; path = Pods_ChooonzTests.framework; sourceTree = BUILT_PRODUCTS_DIR; };
		3B3C7B76B40BD422BB43034F /* Pods-Chooonz.release.xcconfig */ = {isa = PBXFileReference; includeInIndex = 1; lastKnownFileType = text.xcconfig; name = "Pods-Chooonz.release.xcconfig"; path = "Pods/Target Support Files/Pods-Chooonz/Pods-Chooonz.release.xcconfig"; sourceTree = "<group>"; };
		6A21D5014215012D57B6D28A /* Pods-ChooonzUITests.debug.xcconfig */ = {isa = PBXFileReference; includeInIndex = 1; lastKnownFileType = text.xcconfig; name = "Pods-ChooonzUITests.debug.xcconfig"; path = "Pods/Target Support Files/Pods-ChooonzUITests/Pods-ChooonzUITests.debug.xcconfig"; sourceTree = "<group>"; };
		755CB317D253214C54EB6DB0 /* Pods-ChooonzTests.release.xcconfig */ = {isa = PBXFileReference; includeInIndex = 1; lastKnownFileType = text.xcconfig; name = "Pods-ChooonzTests.release.xcconfig"; path = "Pods/Target Support Files/Pods-ChooonzTests/Pods-ChooonzTests.release.xcconfig"; sourceTree = "<group>"; };
		870F73ABCF42CFEE786C6521 /* Pods-ChooonzUITests.release.xcconfig */ = {isa = PBXFileReference; includeInIndex = 1; lastKnownFileType = text.xcconfig; name = "Pods-ChooonzUITests.release.xcconfig"; path = "Pods/Target Support Files/Pods-ChooonzUITests/Pods-ChooonzUITests.release.xcconfig"; sourceTree = "<group>"; };
		90BB1289E02B1862C296EDC7 /* Pods-Chooonz.debug.xcconfig */ = {isa = PBXFileReference; includeInIndex = 1; lastKnownFileType = text.xcconfig; name = "Pods-Chooonz.debug.xcconfig"; path = "Pods/Target Support Files/Pods-Chooonz/Pods-Chooonz.debug.xcconfig"; sourceTree = "<group>"; };
		AE34BAD382A80A721DE703D8 /* Pods_ChooonzUITests.framework */ = {isa = PBXFileReference; explicitFileType = wrapper.framework; includeInIndex = 0; path = Pods_ChooonzUITests.framework; sourceTree = BUILT_PRODUCTS_DIR; };
		E287AD091CEA607100D39D24 /* Chooonz.app */ = {isa = PBXFileReference; explicitFileType = wrapper.application; includeInIndex = 0; path = Chooonz.app; sourceTree = BUILT_PRODUCTS_DIR; };
		E287AD0C1CEA607100D39D24 /* AppDelegate.swift */ = {isa = PBXFileReference; lastKnownFileType = sourcecode.swift; path = AppDelegate.swift; sourceTree = "<group>"; };
		E287AD111CEA607100D39D24 /* Base */ = {isa = PBXFileReference; lastKnownFileType = file.storyboard; name = Base; path = Base.lproj/Main.storyboard; sourceTree = "<group>"; };
		E287AD141CEA607100D39D24 /* Chooonz.xcdatamodel */ = {isa = PBXFileReference; lastKnownFileType = wrapper.xcdatamodel; path = Chooonz.xcdatamodel; sourceTree = "<group>"; };
		E287AD161CEA607100D39D24 /* Assets.xcassets */ = {isa = PBXFileReference; lastKnownFileType = folder.assetcatalog; path = Assets.xcassets; sourceTree = "<group>"; };
		E287AD191CEA607100D39D24 /* Base */ = {isa = PBXFileReference; lastKnownFileType = file.storyboard; name = Base; path = Base.lproj/LaunchScreen.storyboard; sourceTree = "<group>"; };
		E287AD1B1CEA607100D39D24 /* Info.plist */ = {isa = PBXFileReference; lastKnownFileType = text.plist.xml; path = Info.plist; sourceTree = "<group>"; };
		E287AD201CEA607100D39D24 /* ChooonzTests.xctest */ = {isa = PBXFileReference; explicitFileType = wrapper.cfbundle; includeInIndex = 0; path = ChooonzTests.xctest; sourceTree = BUILT_PRODUCTS_DIR; };
		E287AD241CEA607100D39D24 /* ChooonzTests.swift */ = {isa = PBXFileReference; lastKnownFileType = sourcecode.swift; path = ChooonzTests.swift; sourceTree = "<group>"; };
		E287AD261CEA607100D39D24 /* Info.plist */ = {isa = PBXFileReference; lastKnownFileType = text.plist.xml; path = Info.plist; sourceTree = "<group>"; };
		E287AD2B1CEA607100D39D24 /* ChooonzUITests.xctest */ = {isa = PBXFileReference; explicitFileType = wrapper.cfbundle; includeInIndex = 0; path = ChooonzUITests.xctest; sourceTree = BUILT_PRODUCTS_DIR; };
		E287AD2F1CEA607100D39D24 /* ChooonzUITests.swift */ = {isa = PBXFileReference; lastKnownFileType = sourcecode.swift; path = ChooonzUITests.swift; sourceTree = "<group>"; };
		E287AD311CEA607100D39D24 /* Info.plist */ = {isa = PBXFileReference; lastKnownFileType = text.plist.xml; path = Info.plist; sourceTree = "<group>"; };
		E287AD3D1CEB238300D39D24 /* ChooonzTableViewController.swift */ = {isa = PBXFileReference; fileEncoding = 4; lastKnownFileType = sourcecode.swift; path = ChooonzTableViewController.swift; sourceTree = "<group>"; };
		E287AD3F1CEB2C5700D39D24 /* SongCell.swift */ = {isa = PBXFileReference; fileEncoding = 4; lastKnownFileType = sourcecode.swift; path = SongCell.swift; sourceTree = "<group>"; };
		E2B2B7611CEBF0CF00F6C45D /* Roboto-Black.ttf */ = {isa = PBXFileReference; lastKnownFileType = file; name = "Roboto-Black.ttf"; path = "../../Downloads/roboto/Roboto-Black.ttf"; sourceTree = "<group>"; };
		E2B2B7621CEBF0CF00F6C45D /* Roboto-BlackItalic.ttf */ = {isa = PBXFileReference; lastKnownFileType = file; name = "Roboto-BlackItalic.ttf"; path = "../../Downloads/roboto/Roboto-BlackItalic.ttf"; sourceTree = "<group>"; };
		E2B2B7631CEBF0CF00F6C45D /* Roboto-Bold.ttf */ = {isa = PBXFileReference; lastKnownFileType = file; name = "Roboto-Bold.ttf"; path = "../../Downloads/roboto/Roboto-Bold.ttf"; sourceTree = "<group>"; };
		E2B2B7641CEBF0CF00F6C45D /* Roboto-BoldItalic.ttf */ = {isa = PBXFileReference; lastKnownFileType = file; name = "Roboto-BoldItalic.ttf"; path = "../../Downloads/roboto/Roboto-BoldItalic.ttf"; sourceTree = "<group>"; };
		E2B2B7651CEBF0CF00F6C45D /* Roboto-Italic.ttf */ = {isa = PBXFileReference; lastKnownFileType = file; name = "Roboto-Italic.ttf"; path = "../../Downloads/roboto/Roboto-Italic.ttf"; sourceTree = "<group>"; };
		E2B2B7661CEBF0CF00F6C45D /* Roboto-Light.ttf */ = {isa = PBXFileReference; lastKnownFileType = file; name = "Roboto-Light.ttf"; path = "../../Downloads/roboto/Roboto-Light.ttf"; sourceTree = "<group>"; };
		E2B2B7671CEBF0CF00F6C45D /* Roboto-LightItalic.ttf */ = {isa = PBXFileReference; lastKnownFileType = file; name = "Roboto-LightItalic.ttf"; path = "../../Downloads/roboto/Roboto-LightItalic.ttf"; sourceTree = "<group>"; };
		E2B2B7681CEBF0CF00F6C45D /* Roboto-Medium.ttf */ = {isa = PBXFileReference; lastKnownFileType = file; name = "Roboto-Medium.ttf"; path = "../../Downloads/roboto/Roboto-Medium.ttf"; sourceTree = "<group>"; };
		E2B2B7691CEBF0CF00F6C45D /* Roboto-MediumItalic.ttf */ = {isa = PBXFileReference; lastKnownFileType = file; name = "Roboto-MediumItalic.ttf"; path = "../../Downloads/roboto/Roboto-MediumItalic.ttf"; sourceTree = "<group>"; };
		E2B2B76A1CEBF0CF00F6C45D /* Roboto-Regular.ttf */ = {isa = PBXFileReference; lastKnownFileType = file; name = "Roboto-Regular.ttf"; path = "../../Downloads/roboto/Roboto-Regular.ttf"; sourceTree = "<group>"; };
		E2B2B76B1CEBF0CF00F6C45D /* Roboto-Thin.ttf */ = {isa = PBXFileReference; lastKnownFileType = file; name = "Roboto-Thin.ttf"; path = "../../Downloads/roboto/Roboto-Thin.ttf"; sourceTree = "<group>"; };
		E2B2B76C1CEBF0CF00F6C45D /* Roboto-ThinItalic.ttf */ = {isa = PBXFileReference; lastKnownFileType = file; name = "Roboto-ThinItalic.ttf"; path = "../../Downloads/roboto/Roboto-ThinItalic.ttf"; sourceTree = "<group>"; };
		E2B2B76D1CEBF0CF00F6C45D /* RobotoCondensed-Bold.ttf */ = {isa = PBXFileReference; lastKnownFileType = file; name = "RobotoCondensed-Bold.ttf"; path = "../../Downloads/roboto/RobotoCondensed-Bold.ttf"; sourceTree = "<group>"; };
		E2B2B76E1CEBF0CF00F6C45D /* RobotoCondensed-BoldItalic.ttf */ = {isa = PBXFileReference; lastKnownFileType = file; name = "RobotoCondensed-BoldItalic.ttf"; path = "../../Downloads/roboto/RobotoCondensed-BoldItalic.ttf"; sourceTree = "<group>"; };
		E2B2B76F1CEBF0CF00F6C45D /* RobotoCondensed-Italic.ttf */ = {isa = PBXFileReference; lastKnownFileType = file; name = "RobotoCondensed-Italic.ttf"; path = "../../Downloads/roboto/RobotoCondensed-Italic.ttf"; sourceTree = "<group>"; };
		E2B2B7701CEBF0CF00F6C45D /* RobotoCondensed-Light.ttf */ = {isa = PBXFileReference; lastKnownFileType = file; name = "RobotoCondensed-Light.ttf"; path = "../../Downloads/roboto/RobotoCondensed-Light.ttf"; sourceTree = "<group>"; };
		E2B2B7711CEBF0CF00F6C45D /* RobotoCondensed-LightItalic.ttf */ = {isa = PBXFileReference; lastKnownFileType = file; name = "RobotoCondensed-LightItalic.ttf"; path = "../../Downloads/roboto/RobotoCondensed-LightItalic.ttf"; sourceTree = "<group>"; };
		E2B2B7721CEBF0CF00F6C45D /* RobotoCondensed-Regular.ttf */ = {isa = PBXFileReference; lastKnownFileType = file; name = "RobotoCondensed-Regular.ttf"; path = "../../Downloads/roboto/RobotoCondensed-Regular.ttf"; sourceTree = "<group>"; };
/* End PBXFileReference section */

/* Begin PBXFrameworksBuildPhase section */
		E287AD061CEA607100D39D24 /* Frameworks */ = {
			isa = PBXFrameworksBuildPhase;
			buildActionMask = 2147483647;
			files = (
				AF9E320CBEB94624FD837DA0 /* Pods_Chooonz.framework in Frameworks */,
			);
			runOnlyForDeploymentPostprocessing = 0;
		};
		E287AD1D1CEA607100D39D24 /* Frameworks */ = {
			isa = PBXFrameworksBuildPhase;
			buildActionMask = 2147483647;
			files = (
				84BABFA6C9B6871E0A3CD7C0 /* Pods_ChooonzTests.framework in Frameworks */,
			);
			runOnlyForDeploymentPostprocessing = 0;
		};
		E287AD281CEA607100D39D24 /* Frameworks */ = {
			isa = PBXFrameworksBuildPhase;
			buildActionMask = 2147483647;
			files = (
				F9A21083EB5AAC6E7B35B17D /* Pods_ChooonzUITests.framework in Frameworks */,
			);
			runOnlyForDeploymentPostprocessing = 0;
		};
/* End PBXFrameworksBuildPhase section */

/* Begin PBXGroup section */
		12CBD577DE886E211AB0F444 /* Pods */ = {
			isa = PBXGroup;
			children = (
				90BB1289E02B1862C296EDC7 /* Pods-Chooonz.debug.xcconfig */,
				3B3C7B76B40BD422BB43034F /* Pods-Chooonz.release.xcconfig */,
				1DDFDBD9C837DDEE8683A1D1 /* Pods-ChooonzTests.debug.xcconfig */,
				755CB317D253214C54EB6DB0 /* Pods-ChooonzTests.release.xcconfig */,
				6A21D5014215012D57B6D28A /* Pods-ChooonzUITests.debug.xcconfig */,
				870F73ABCF42CFEE786C6521 /* Pods-ChooonzUITests.release.xcconfig */,
			);
			name = Pods;
			sourceTree = "<group>";
		};
		9F11748B835688DB484F426F /* Frameworks */ = {
			isa = PBXGroup;
			children = (
				1E9F9F9B12A9E0B9D56B44A7 /* Pods_Chooonz.framework */,
				286314B0A7400645F61D707E /* Pods_ChooonzTests.framework */,
				AE34BAD382A80A721DE703D8 /* Pods_ChooonzUITests.framework */,
			);
			name = Frameworks;
			sourceTree = "<group>";
		};
		E287AD001CEA607100D39D24 = {
			isa = PBXGroup;
			children = (
				E2B2B7601CEBF0AC00F6C45D /* Fonts */,
				E287AD0B1CEA607100D39D24 /* Chooonz */,
				E287AD231CEA607100D39D24 /* ChooonzTests */,
				E287AD2E1CEA607100D39D24 /* ChooonzUITests */,
				E287AD0A1CEA607100D39D24 /* Products */,
				12CBD577DE886E211AB0F444 /* Pods */,
				9F11748B835688DB484F426F /* Frameworks */,
			);
			sourceTree = "<group>";
		};
		E287AD0A1CEA607100D39D24 /* Products */ = {
			isa = PBXGroup;
			children = (
				E287AD091CEA607100D39D24 /* Chooonz.app */,
				E287AD201CEA607100D39D24 /* ChooonzTests.xctest */,
				E287AD2B1CEA607100D39D24 /* ChooonzUITests.xctest */,
			);
			name = Products;
			sourceTree = "<group>";
		};
		E287AD0B1CEA607100D39D24 /* Chooonz */ = {
			isa = PBXGroup;
			children = (
				E287AD0C1CEA607100D39D24 /* AppDelegate.swift */,
				E287AD101CEA607100D39D24 /* Main.storyboard */,
				E287AD3F1CEB2C5700D39D24 /* SongCell.swift */,
				E287AD3D1CEB238300D39D24 /* ChooonzTableViewController.swift */,
				E287AD161CEA607100D39D24 /* Assets.xcassets */,
				E287AD181CEA607100D39D24 /* LaunchScreen.storyboard */,
				E287AD1B1CEA607100D39D24 /* Info.plist */,
				E287AD131CEA607100D39D24 /* Chooonz.xcdatamodeld */,
			);
			path = Chooonz;
			sourceTree = "<group>";
		};
		E287AD231CEA607100D39D24 /* ChooonzTests */ = {
			isa = PBXGroup;
			children = (
				E287AD241CEA607100D39D24 /* ChooonzTests.swift */,
				E287AD261CEA607100D39D24 /* Info.plist */,
			);
			path = ChooonzTests;
			sourceTree = "<group>";
		};
		E287AD2E1CEA607100D39D24 /* ChooonzUITests */ = {
			isa = PBXGroup;
			children = (
				E287AD2F1CEA607100D39D24 /* ChooonzUITests.swift */,
				E287AD311CEA607100D39D24 /* Info.plist */,
			);
			path = ChooonzUITests;
			sourceTree = "<group>";
		};
		E2B2B7601CEBF0AC00F6C45D /* Fonts */ = {
			isa = PBXGroup;
			children = (
				E2B2B7611CEBF0CF00F6C45D /* Roboto-Black.ttf */,
				E2B2B7621CEBF0CF00F6C45D /* Roboto-BlackItalic.ttf */,
				E2B2B7631CEBF0CF00F6C45D /* Roboto-Bold.ttf */,
				E2B2B7641CEBF0CF00F6C45D /* Roboto-BoldItalic.ttf */,
				E2B2B7651CEBF0CF00F6C45D /* Roboto-Italic.ttf */,
				E2B2B7661CEBF0CF00F6C45D /* Roboto-Light.ttf */,
				E2B2B7671CEBF0CF00F6C45D /* Roboto-LightItalic.ttf */,
				E2B2B7681CEBF0CF00F6C45D /* Roboto-Medium.ttf */,
				E2B2B7691CEBF0CF00F6C45D /* Roboto-MediumItalic.ttf */,
				E2B2B76A1CEBF0CF00F6C45D /* Roboto-Regular.ttf */,
				E2B2B76B1CEBF0CF00F6C45D /* Roboto-Thin.ttf */,
				E2B2B76C1CEBF0CF00F6C45D /* Roboto-ThinItalic.ttf */,
				E2B2B76D1CEBF0CF00F6C45D /* RobotoCondensed-Bold.ttf */,
				E2B2B76E1CEBF0CF00F6C45D /* RobotoCondensed-BoldItalic.ttf */,
				E2B2B76F1CEBF0CF00F6C45D /* RobotoCondensed-Italic.ttf */,
				E2B2B7701CEBF0CF00F6C45D /* RobotoCondensed-Light.ttf */,
				E2B2B7711CEBF0CF00F6C45D /* RobotoCondensed-LightItalic.ttf */,
				E2B2B7721CEBF0CF00F6C45D /* RobotoCondensed-Regular.ttf */,
			);
			name = Fonts;
			sourceTree = "<group>";
		};
/* End PBXGroup section */

/* Begin PBXNativeTarget section */
		E287AD081CEA607100D39D24 /* Chooonz */ = {
			isa = PBXNativeTarget;
			buildConfigurationList = E287AD341CEA607100D39D24 /* Build configuration list for PBXNativeTarget "Chooonz" */;
			buildPhases = (
				7CFD5A5CE98056FD6511494B /* 📦 Check Pods Manifest.lock */,
				E287AD051CEA607100D39D24 /* Sources */,
				E287AD061CEA607100D39D24 /* Frameworks */,
				E287AD071CEA607100D39D24 /* Resources */,
				805B75D5BF785F0A7DD10FEE /* 📦 Embed Pods Frameworks */,
				0045FBCD74BB27E8A77985BF /* 📦 Copy Pods Resources */,
			);
			buildRules = (
			);
			dependencies = (
			);
			name = Chooonz;
			productName = Chooonz;
			productReference = E287AD091CEA607100D39D24 /* Chooonz.app */;
			productType = "com.apple.product-type.application";
		};
		E287AD1F1CEA607100D39D24 /* ChooonzTests */ = {
			isa = PBXNativeTarget;
			buildConfigurationList = E287AD371CEA607100D39D24 /* Build configuration list for PBXNativeTarget "ChooonzTests" */;
			buildPhases = (
				668D396D87F614888DB0F9DE /* 📦 Check Pods Manifest.lock */,
				E287AD1C1CEA607100D39D24 /* Sources */,
				E287AD1D1CEA607100D39D24 /* Frameworks */,
				E287AD1E1CEA607100D39D24 /* Resources */,
				804D2A6FF63C189ED1CD2D7C /* 📦 Embed Pods Frameworks */,
				52A4BDFAAA6B02AB14F23ABE /* 📦 Copy Pods Resources */,
			);
			buildRules = (
			);
			dependencies = (
				E287AD221CEA607100D39D24 /* PBXTargetDependency */,
			);
			name = ChooonzTests;
			productName = ChooonzTests;
			productReference = E287AD201CEA607100D39D24 /* ChooonzTests.xctest */;
			productType = "com.apple.product-type.bundle.unit-test";
		};
		E287AD2A1CEA607100D39D24 /* ChooonzUITests */ = {
			isa = PBXNativeTarget;
			buildConfigurationList = E287AD3A1CEA607100D39D24 /* Build configuration list for PBXNativeTarget "ChooonzUITests" */;
			buildPhases = (
				384960A02F1A196EAEAABE23 /* 📦 Check Pods Manifest.lock */,
				E287AD271CEA607100D39D24 /* Sources */,
				E287AD281CEA607100D39D24 /* Frameworks */,
				E287AD291CEA607100D39D24 /* Resources */,
				B47F7D3DB912BDCB090CB2E7 /* 📦 Copy Pods Resources */,
			);
			buildRules = (
			);
			dependencies = (
				E287AD2D1CEA607100D39D24 /* PBXTargetDependency */,
			);
			name = ChooonzUITests;
			productName = ChooonzUITests;
			productReference = E287AD2B1CEA607100D39D24 /* ChooonzUITests.xctest */;
			productType = "com.apple.product-type.bundle.ui-testing";
		};
/* End PBXNativeTarget section */

/* Begin PBXProject section */
		E287AD011CEA607100D39D24 /* Project object */ = {
			isa = PBXProject;
			attributes = {
				LastSwiftUpdateCheck = 0730;
				LastUpgradeCheck = 0730;
				ORGANIZATIONNAME = jkrclaro;
				TargetAttributes = {
					E287AD081CEA607100D39D24 = {
						CreatedOnToolsVersion = 7.3.1;
						DevelopmentTeam = 26KJK69C25;
					};
					E287AD1F1CEA607100D39D24 = {
						CreatedOnToolsVersion = 7.3.1;
						DevelopmentTeam = 26KJK69C25;
						TestTargetID = E287AD081CEA607100D39D24;
					};
					E287AD2A1CEA607100D39D24 = {
						CreatedOnToolsVersion = 7.3.1;
						DevelopmentTeam = 26KJK69C25;
						TestTargetID = E287AD081CEA607100D39D24;
					};
				};
			};
			buildConfigurationList = E287AD041CEA607100D39D24 /* Build configuration list for PBXProject "Chooonz" */;
			compatibilityVersion = "Xcode 3.2";
			developmentRegion = English;
			hasScannedForEncodings = 0;
			knownRegions = (
				en,
				Base,
			);
			mainGroup = E287AD001CEA607100D39D24;
			productRefGroup = E287AD0A1CEA607100D39D24 /* Products */;
			projectDirPath = "";
			projectRoot = "";
			targets = (
				E287AD081CEA607100D39D24 /* Chooonz */,
				E287AD1F1CEA607100D39D24 /* ChooonzTests */,
				E287AD2A1CEA607100D39D24 /* ChooonzUITests */,
			);
		};
/* End PBXProject section */

/* Begin PBXResourcesBuildPhase section */
		E287AD071CEA607100D39D24 /* Resources */ = {
			isa = PBXResourcesBuildPhase;
			buildActionMask = 2147483647;
			files = (
				E287AD1A1CEA607100D39D24 /* LaunchScreen.storyboard in Resources */,
				E287AD171CEA607100D39D24 /* Assets.xcassets in Resources */,
				E287AD121CEA607100D39D24 /* Main.storyboard in Resources */,
			);
			runOnlyForDeploymentPostprocessing = 0;
		};
		E287AD1E1CEA607100D39D24 /* Resources */ = {
			isa = PBXResourcesBuildPhase;
			buildActionMask = 2147483647;
			files = (
			);
			runOnlyForDeploymentPostprocessing = 0;
		};
		E287AD291CEA607100D39D24 /* Resources */ = {
			isa = PBXResourcesBuildPhase;
			buildActionMask = 2147483647;
			files = (
			);
			runOnlyForDeploymentPostprocessing = 0;
		};
/* End PBXResourcesBuildPhase section */

/* Begin PBXShellScriptBuildPhase section */
		0045FBCD74BB27E8A77985BF /* 📦 Copy Pods Resources */ = {
			isa = PBXShellScriptBuildPhase;
			buildActionMask = 2147483647;
			files = (
			);
			inputPaths = (
			);
			name = "📦 Copy Pods Resources";
			outputPaths = (
			);
			runOnlyForDeploymentPostprocessing = 0;
			shellPath = /bin/sh;
			shellScript = "\"${SRCROOT}/Pods/Target Support Files/Pods-Chooonz/Pods-Chooonz-resources.sh\"\n";
			showEnvVarsInLog = 0;
		};
		384960A02F1A196EAEAABE23 /* 📦 Check Pods Manifest.lock */ = {
			isa = PBXShellScriptBuildPhase;
			buildActionMask = 2147483647;
			files = (
			);
			inputPaths = (
			);
			name = "📦 Check Pods Manifest.lock";
			outputPaths = (
			);
			runOnlyForDeploymentPostprocessing = 0;
			shellPath = /bin/sh;
			shellScript = "diff \"${PODS_ROOT}/../Podfile.lock\" \"${PODS_ROOT}/Manifest.lock\" > /dev/null\nif [[ $? != 0 ]] ; then\n    cat << EOM\nerror: The sandbox is not in sync with the Podfile.lock. Run 'pod install' or update your CocoaPods installation.\nEOM\n    exit 1\nfi\n";
			showEnvVarsInLog = 0;
		};
		52A4BDFAAA6B02AB14F23ABE /* 📦 Copy Pods Resources */ = {
			isa = PBXShellScriptBuildPhase;
			buildActionMask = 2147483647;
			files = (
			);
			inputPaths = (
			);
			name = "📦 Copy Pods Resources";
			outputPaths = (
			);
			runOnlyForDeploymentPostprocessing = 0;
			shellPath = /bin/sh;
			shellScript = "\"${SRCROOT}/Pods/Target Support Files/Pods-ChooonzTests/Pods-ChooonzTests-resources.sh\"\n";
			showEnvVarsInLog = 0;
		};
		668D396D87F614888DB0F9DE /* 📦 Check Pods Manifest.lock */ = {
			isa = PBXShellScriptBuildPhase;
			buildActionMask = 2147483647;
			files = (
			);
			inputPaths = (
			);
			name = "📦 Check Pods Manifest.lock";
			outputPaths = (
			);
			runOnlyForDeploymentPostprocessing = 0;
			shellPath = /bin/sh;
			shellScript = "diff \"${PODS_ROOT}/../Podfile.lock\" \"${PODS_ROOT}/Manifest.lock\" > /dev/null\nif [[ $? != 0 ]] ; then\n    cat << EOM\nerror: The sandbox is not in sync with the Podfile.lock. Run 'pod install' or update your CocoaPods installation.\nEOM\n    exit 1\nfi\n";
			showEnvVarsInLog = 0;
		};
		7CFD5A5CE98056FD6511494B /* 📦 Check Pods Manifest.lock */ = {
			isa = PBXShellScriptBuildPhase;
			buildActionMask = 2147483647;
			files = (
			);
			inputPaths = (
			);
			name = "📦 Check Pods Manifest.lock";
			outputPaths = (
			);
			runOnlyForDeploymentPostprocessing = 0;
			shellPath = /bin/sh;
			shellScript = "diff \"${PODS_ROOT}/../Podfile.lock\" \"${PODS_ROOT}/Manifest.lock\" > /dev/null\nif [[ $? != 0 ]] ; then\n    cat << EOM\nerror: The sandbox is not in sync with the Podfile.lock. Run 'pod install' or update your CocoaPods installation.\nEOM\n    exit 1\nfi\n";
			showEnvVarsInLog = 0;
		};
		804D2A6FF63C189ED1CD2D7C /* 📦 Embed Pods Frameworks */ = {
			isa = PBXShellScriptBuildPhase;
			buildActionMask = 2147483647;
			files = (
			);
			inputPaths = (
			);
			name = "📦 Embed Pods Frameworks";
			outputPaths = (
			);
			runOnlyForDeploymentPostprocessing = 0;
			shellPath = /bin/sh;
			shellScript = "\"${SRCROOT}/Pods/Target Support Files/Pods-ChooonzTests/Pods-ChooonzTests-frameworks.sh\"\n";
			showEnvVarsInLog = 0;
		};
		805B75D5BF785F0A7DD10FEE /* 📦 Embed Pods Frameworks */ = {
			isa = PBXShellScriptBuildPhase;
			buildActionMask = 2147483647;
			files = (
			);
			inputPaths = (
			);
			name = "📦 Embed Pods Frameworks";
			outputPaths = (
			);
			runOnlyForDeploymentPostprocessing = 0;
			shellPath = /bin/sh;
			shellScript = "\"${SRCROOT}/Pods/Target Support Files/Pods-Chooonz/Pods-Chooonz-frameworks.sh\"\n";
			showEnvVarsInLog = 0;
		};
		B47F7D3DB912BDCB090CB2E7 /* 📦 Copy Pods Resources */ = {
			isa = PBXShellScriptBuildPhase;
			buildActionMask = 2147483647;
			files = (
			);
			inputPaths = (
			);
			name = "📦 Copy Pods Resources";
			outputPaths = (
			);
			runOnlyForDeploymentPostprocessing = 0;
			shellPath = /bin/sh;
			shellScript = "\"${SRCROOT}/Pods/Target Support Files/Pods-ChooonzUITests/Pods-ChooonzUITests-resources.sh\"\n";
			showEnvVarsInLog = 0;
		};
/* End PBXShellScriptBuildPhase section */

/* Begin PBXSourcesBuildPhase section */
		E287AD051CEA607100D39D24 /* Sources */ = {
			isa = PBXSourcesBuildPhase;
			buildActionMask = 2147483647;
			files = (
				E287AD401CEB2C5700D39D24 /* SongCell.swift in Sources */,
				E287AD3E1CEB238300D39D24 /* ChooonzTableViewController.swift in Sources */,
				E287AD151CEA607100D39D24 /* Chooonz.xcdatamodeld in Sources */,
				E287AD0D1CEA607100D39D24 /* AppDelegate.swift in Sources */,
			);
			runOnlyForDeploymentPostprocessing = 0;
		};
		E287AD1C1CEA607100D39D24 /* Sources */ = {
			isa = PBXSourcesBuildPhase;
			buildActionMask = 2147483647;
			files = (
				E287AD251CEA607100D39D24 /* ChooonzTests.swift in Sources */,
			);
			runOnlyForDeploymentPostprocessing = 0;
		};
		E287AD271CEA607100D39D24 /* Sources */ = {
			isa = PBXSourcesBuildPhase;
			buildActionMask = 2147483647;
			files = (
				E287AD301CEA607100D39D24 /* ChooonzUITests.swift in Sources */,
			);
			runOnlyForDeploymentPostprocessing = 0;
		};
/* End PBXSourcesBuildPhase section */

/* Begin PBXTargetDependency section */
		E287AD221CEA607100D39D24 /* PBXTargetDependency */ = {
			isa = PBXTargetDependency;
			target = E287AD081CEA607100D39D24 /* Chooonz */;
			targetProxy = E287AD211CEA607100D39D24 /* PBXContainerItemProxy */;
		};
		E287AD2D1CEA607100D39D24 /* PBXTargetDependency */ = {
			isa = PBXTargetDependency;
			target = E287AD081CEA607100D39D24 /* Chooonz */;
			targetProxy = E287AD2C1CEA607100D39D24 /* PBXContainerItemProxy */;
		};
/* End PBXTargetDependency section */

/* Begin PBXVariantGroup section */
		E287AD101CEA607100D39D24 /* Main.storyboard */ = {
			isa = PBXVariantGroup;
			children = (
				E287AD111CEA607100D39D24 /* Base */,
			);
			name = Main.storyboard;
			sourceTree = "<group>";
		};
		E287AD181CEA607100D39D24 /* LaunchScreen.storyboard */ = {
			isa = PBXVariantGroup;
			children = (
				E287AD191CEA607100D39D24 /* Base */,
			);
			name = LaunchScreen.storyboard;
			sourceTree = "<group>";
		};
/* End PBXVariantGroup section */

/* Begin XCBuildConfiguration section */
		E287AD321CEA607100D39D24 /* Debug */ = {
			isa = XCBuildConfiguration;
			buildSettings = {
				ALWAYS_SEARCH_USER_PATHS = NO;
				CLANG_ANALYZER_NONNULL = YES;
				CLANG_CXX_LANGUAGE_STANDARD = "gnu++0x";
				CLANG_CXX_LIBRARY = "libc++";
				CLANG_ENABLE_MODULES = YES;
				CLANG_ENABLE_OBJC_ARC = YES;
				CLANG_WARN_BOOL_CONVERSION = YES;
				CLANG_WARN_CONSTANT_CONVERSION = YES;
				CLANG_WARN_DIRECT_OBJC_ISA_USAGE = YES_ERROR;
				CLANG_WARN_EMPTY_BODY = YES;
				CLANG_WARN_ENUM_CONVERSION = YES;
				CLANG_WARN_INT_CONVERSION = YES;
				CLANG_WARN_OBJC_ROOT_CLASS = YES_ERROR;
				CLANG_WARN_UNREACHABLE_CODE = YES;
				CLANG_WARN__DUPLICATE_METHOD_MATCH = YES;
				"CODE_SIGN_IDENTITY[sdk=iphoneos*]" = "iPhone Developer";
				COPY_PHASE_STRIP = NO;
				DEBUG_INFORMATION_FORMAT = dwarf;
				ENABLE_STRICT_OBJC_MSGSEND = YES;
				ENABLE_TESTABILITY = YES;
				GCC_C_LANGUAGE_STANDARD = gnu99;
				GCC_DYNAMIC_NO_PIC = NO;
				GCC_NO_COMMON_BLOCKS = YES;
				GCC_OPTIMIZATION_LEVEL = 0;
				GCC_PREPROCESSOR_DEFINITIONS = (
					"DEBUG=1",
					"$(inherited)",
				);
				GCC_WARN_64_TO_32_BIT_CONVERSION = YES;
				GCC_WARN_ABOUT_RETURN_TYPE = YES_ERROR;
				GCC_WARN_UNDECLARED_SELECTOR = YES;
				GCC_WARN_UNINITIALIZED_AUTOS = YES_AGGRESSIVE;
				GCC_WARN_UNUSED_FUNCTION = YES;
				GCC_WARN_UNUSED_VARIABLE = YES;
				IPHONEOS_DEPLOYMENT_TARGET = 9.3;
				MTL_ENABLE_DEBUG_INFO = YES;
				ONLY_ACTIVE_ARCH = YES;
				SDKROOT = iphoneos;
				SWIFT_OPTIMIZATION_LEVEL = "-Onone";
				TARGETED_DEVICE_FAMILY = "1,2";
			};
			name = Debug;
		};
		E287AD331CEA607100D39D24 /* Release */ = {
			isa = XCBuildConfiguration;
			buildSettings = {
				ALWAYS_SEARCH_USER_PATHS = NO;
				CLANG_ANALYZER_NONNULL = YES;
				CLANG_CXX_LANGUAGE_STANDARD = "gnu++0x";
				CLANG_CXX_LIBRARY = "libc++";
				CLANG_ENABLE_MODULES = YES;
				CLANG_ENABLE_OBJC_ARC = YES;
				CLANG_WARN_BOOL_CONVERSION = YES;
				CLANG_WARN_CONSTANT_CONVERSION = YES;
				CLANG_WARN_DIRECT_OBJC_ISA_USAGE = YES_ERROR;
				CLANG_WARN_EMPTY_BODY = YES;
				CLANG_WARN_ENUM_CONVERSION = YES;
				CLANG_WARN_INT_CONVERSION = YES;
				CLANG_WARN_OBJC_ROOT_CLASS = YES_ERROR;
				CLANG_WARN_UNREACHABLE_CODE = YES;
				CLANG_WARN__DUPLICATE_METHOD_MATCH = YES;
				"CODE_SIGN_IDENTITY[sdk=iphoneos*]" = "iPhone Developer";
				COPY_PHASE_STRIP = NO;
				DEBUG_INFORMATION_FORMAT = "dwarf-with-dsym";
				ENABLE_NS_ASSERTIONS = NO;
				ENABLE_STRICT_OBJC_MSGSEND = YES;
				GCC_C_LANGUAGE_STANDARD = gnu99;
				GCC_NO_COMMON_BLOCKS = YES;
				GCC_WARN_64_TO_32_BIT_CONVERSION = YES;
				GCC_WARN_ABOUT_RETURN_TYPE = YES_ERROR;
				GCC_WARN_UNDECLARED_SELECTOR = YES;
				GCC_WARN_UNINITIALIZED_AUTOS = YES_AGGRESSIVE;
				GCC_WARN_UNUSED_FUNCTION = YES;
				GCC_WARN_UNUSED_VARIABLE = YES;
				IPHONEOS_DEPLOYMENT_TARGET = 9.3;
				MTL_ENABLE_DEBUG_INFO = NO;
				SDKROOT = iphoneos;
				TARGETED_DEVICE_FAMILY = "1,2";
				VALIDATE_PRODUCT = YES;
			};
			name = Release;
		};
		E287AD351CEA607100D39D24 /* Debug */ = {
			isa = XCBuildConfiguration;
			baseConfigurationReference = 90BB1289E02B1862C296EDC7 /* Pods-Chooonz.debug.xcconfig */;
			buildSettings = {
				ASSETCATALOG_COMPILER_APPICON_NAME = AppIcon;
				INFOPLIST_FILE = Chooonz/Info.plist;
				LD_RUNPATH_SEARCH_PATHS = "$(inherited) @executable_path/Frameworks";
				PRODUCT_BUNDLE_IDENTIFIER = ie.jkrclaro.Chooonz;
				PRODUCT_NAME = "$(TARGET_NAME)";
			};
			name = Debug;
		};
		E287AD361CEA607100D39D24 /* Release */ = {
			isa = XCBuildConfiguration;
			baseConfigurationReference = 3B3C7B76B40BD422BB43034F /* Pods-Chooonz.release.xcconfig */;
			buildSettings = {
				ASSETCATALOG_COMPILER_APPICON_NAME = AppIcon;
				INFOPLIST_FILE = Chooonz/Info.plist;
				LD_RUNPATH_SEARCH_PATHS = "$(inherited) @executable_path/Frameworks";
				PRODUCT_BUNDLE_IDENTIFIER = ie.jkrclaro.Chooonz;
				PRODUCT_NAME = "$(TARGET_NAME)";
			};
			name = Release;
		};
		E287AD381CEA607100D39D24 /* Debug */ = {
			isa = XCBuildConfiguration;
			baseConfigurationReference = 1DDFDBD9C837DDEE8683A1D1 /* Pods-ChooonzTests.debug.xcconfig */;
			buildSettings = {
				BUNDLE_LOADER = "$(TEST_HOST)";
				INFOPLIST_FILE = ChooonzTests/Info.plist;
				LD_RUNPATH_SEARCH_PATHS = "$(inherited) @executable_path/Frameworks @loader_path/Frameworks";
				PRODUCT_BUNDLE_IDENTIFIER = ie.jkrclaro.ChooonzTests;
				PRODUCT_NAME = "$(TARGET_NAME)";
				TEST_HOST = "$(BUILT_PRODUCTS_DIR)/Chooonz.app/Chooonz";
			};
			name = Debug;
		};
		E287AD391CEA607100D39D24 /* Release */ = {
			isa = XCBuildConfiguration;
			baseConfigurationReference = 755CB317D253214C54EB6DB0 /* Pods-ChooonzTests.release.xcconfig */;
			buildSettings = {
				BUNDLE_LOADER = "$(TEST_HOST)";
				INFOPLIST_FILE = ChooonzTests/Info.plist;
				LD_RUNPATH_SEARCH_PATHS = "$(inherited) @executable_path/Frameworks @loader_path/Frameworks";
				PRODUCT_BUNDLE_IDENTIFIER = ie.jkrclaro.ChooonzTests;
				PRODUCT_NAME = "$(TARGET_NAME)";
				TEST_HOST = "$(BUILT_PRODUCTS_DIR)/Chooonz.app/Chooonz";
			};
			name = Release;
		};
		E287AD3B1CEA607100D39D24 /* Debug */ = {
			isa = XCBuildConfiguration;
			baseConfigurationReference = 6A21D5014215012D57B6D28A /* Pods-ChooonzUITests.debug.xcconfig */;
			buildSettings = {
				INFOPLIST_FILE = ChooonzUITests/Info.plist;
				LD_RUNPATH_SEARCH_PATHS = "$(inherited) @executable_path/Frameworks @loader_path/Frameworks";
				PRODUCT_BUNDLE_IDENTIFIER = ie.jkrclaro.ChooonzUITests;
				PRODUCT_NAME = "$(TARGET_NAME)";
				TEST_TARGET_NAME = Chooonz;
			};
			name = Debug;
		};
		E287AD3C1CEA607100D39D24 /* Release */ = {
			isa = XCBuildConfiguration;
			baseConfigurationReference = 870F73ABCF42CFEE786C6521 /* Pods-ChooonzUITests.release.xcconfig */;
			buildSettings = {
				INFOPLIST_FILE = ChooonzUITests/Info.plist;
				LD_RUNPATH_SEARCH_PATHS = "$(inherited) @executable_path/Frameworks @loader_path/Frameworks";
				PRODUCT_BUNDLE_IDENTIFIER = ie.jkrclaro.ChooonzUITests;
				PRODUCT_NAME = "$(TARGET_NAME)";
				TEST_TARGET_NAME = Chooonz;
			};
			name = Release;
		};
/* End XCBuildConfiguration section */

/* Begin XCConfigurationList section */
		E287AD041CEA607100D39D24 /* Build configuration list for PBXProject "Chooonz" */ = {
			isa = XCConfigurationList;
			buildConfigurations = (
				E287AD321CEA607100D39D24 /* Debug */,
				E287AD331CEA607100D39D24 /* Release */,
			);
			defaultConfigurationIsVisible = 0;
			defaultConfigurationName = Release;
		};
		E287AD341CEA607100D39D24 /* Build configuration list for PBXNativeTarget "Chooonz" */ = {
			isa = XCConfigurationList;
			buildConfigurations = (
				E287AD351CEA607100D39D24 /* Debug */,
				E287AD361CEA607100D39D24 /* Release */,
			);
			defaultConfigurationIsVisible = 0;
			defaultConfigurationName = Release;
		};
		E287AD371CEA607100D39D24 /* Build configuration list for PBXNativeTarget "ChooonzTests" */ = {
			isa = XCConfigurationList;
			buildConfigurations = (
				E287AD381CEA607100D39D24 /* Debug */,
				E287AD391CEA607100D39D24 /* Release */,
			);
			defaultConfigurationIsVisible = 0;
			defaultConfigurationName = Release;
		};
		E287AD3A1CEA607100D39D24 /* Build configuration list for PBXNativeTarget "ChooonzUITests" */ = {
			isa = XCConfigurationList;
			buildConfigurations = (
				E287AD3B1CEA607100D39D24 /* Debug */,
				E287AD3C1CEA607100D39D24 /* Release */,
			);
			defaultConfigurationIsVisible = 0;
			defaultConfigurationName = Release;
		};
/* End XCConfigurationList section */

/* Begin XCVersionGroup section */
		E287AD131CEA607100D39D24 /* Chooonz.xcdatamodeld */ = {
			isa = XCVersionGroup;
			children = (
				E287AD141CEA607100D39D24 /* Chooonz.xcdatamodel */,
			);
			currentVersion = E287AD141CEA607100D39D24 /* Chooonz.xcdatamodel */;
			path = Chooonz.xcdatamodeld;
			sourceTree = "<group>";
			versionGroupType = wrapper.xcdatamodel;
		};
/* End XCVersionGroup section */
	};
	rootObject = E287AD011CEA607100D39D24 /* Project object */;
}
